{
  "name": "heyui-sample",
  "version": "1.0.0",
  "lockfileVersion": 1,
  "requires": true,
  "dependencies": {
    "heyui": {
      "version": "1.15.0",
      "resolved": "https://registry.npmjs.org/heyui/-/heyui-1.15.0.tgz",
      "integrity": "sha512-jpuVLrFifbnxTHMMSNJTfdufuHP2LAhDpg36pdZB7MwLQCk3fiMypwpsHriHDEmbOnEvs+dcoCZNSXx6oMHENw==",
      "requires": {
        "manba": "^1.2.0"
      }
    },
    "manba": {
      "version": "1.2.7",
      "resolved": "https://registry.npmjs.org/manba/-/manba-1.2.7.tgz",
      "integrity": "sha512-W6UHV6OJQFMVk64n5LVXgsW8I9k/U87Jmjo0hLb83LUOE1d2VFLjpmcDdaeBleQ5HWC2opU8DK5TojMpNNvWrA=="
    },
    "vue": {
      "version": "2.5.13",
      "resolved": "https://registry.npmjs.org/vue/-/vue-2.5.13.tgz",
      "integrity": "sha512-3D+lY7HTkKbtswDM4BBHgqyq+qo8IAEE8lz8va1dz3LLmttjgo0FxairO4r1iN2OBqk8o1FyL4hvzzTFEdQSEw=="
    }
  }
}
